// !$*UTF8*$!
{
	archiveVersion = 1;
	classes = {
	};
	objectVersion = 46;
	objects = {

/* Begin PBXBuildFile section */
		49343C9518F0EC1C000B0D64 /* Foundation.framework in Frameworks */ = {isa = PBXBuildFile; fileRef = 49343C9418F0EC1C000B0D64 /* Foundation.framework */; };
		49343C9718F0EC1C000B0D64 /* CoreGraphics.framework in Frameworks */ = {isa = PBXBuildFile; fileRef = 49343C9618F0EC1C000B0D64 /* CoreGraphics.framework */; };
		49343C9918F0EC1C000B0D64 /* UIKit.framework in Frameworks */ = {isa = PBXBuildFile; fileRef = 49343C9818F0EC1C000B0D64 /* UIKit.framework */; };
		49343C9F18F0EC1C000B0D64 /* InfoPlist.strings in Resources */ = {isa = PBXBuildFile; fileRef = 49343C9D18F0EC1C000B0D64 /* InfoPlist.strings */; };
		49343CA118F0EC1C000B0D64 /* main.m in Sources */ = {isa = PBXBuildFile; fileRef = 49343CA018F0EC1C000B0D64 /* main.m */; };
		49343CA518F0EC1C000B0D64 /* thatsAlarmingAppDelegate.m in Sources */ = {isa = PBXBuildFile; fileRef = 49343CA418F0EC1C000B0D64 /* thatsAlarmingAppDelegate.m */; };
		49343CA818F0EC1C000B0D64 /* Main.storyboard in Resources */ = {isa = PBXBuildFile; fileRef = 49343CA618F0EC1C000B0D64 /* Main.storyboard */; };
		49343CAB18F0EC1C000B0D64 /* thatsAlarmingAlarmsController.m in Sources */ = {isa = PBXBuildFile; fileRef = 49343CAA18F0EC1C000B0D64 /* thatsAlarmingAlarmsController.m */; };
		49343CB018F0EC1C000B0D64 /* Images.xcassets in Resources */ = {isa = PBXBuildFile; fileRef = 49343CAF18F0EC1C000B0D64 /* Images.xcassets */; };
		49343CB718F0EC1C000B0D64 /* XCTest.framework in Frameworks */ = {isa = PBXBuildFile; fileRef = 49343CB618F0EC1C000B0D64 /* XCTest.framework */; };
		49343CB818F0EC1C000B0D64 /* Foundation.framework in Frameworks */ = {isa = PBXBuildFile; fileRef = 49343C9418F0EC1C000B0D64 /* Foundation.framework */; };
		49343CB918F0EC1C000B0D64 /* UIKit.framework in Frameworks */ = {isa = PBXBuildFile; fileRef = 49343C9818F0EC1C000B0D64 /* UIKit.framework */; };
		49343CC118F0EC1C000B0D64 /* InfoPlist.strings in Resources */ = {isa = PBXBuildFile; fileRef = 49343CBF18F0EC1C000B0D64 /* InfoPlist.strings */; };
		49343CC318F0EC1C000B0D64 /* thatsAlarmingTests.m in Sources */ = {isa = PBXBuildFile; fileRef = 49343CC218F0EC1C000B0D64 /* thatsAlarmingTests.m */; };
		49DEC41C18F1123100D892EC /* EditOrAddAlarmViewController.m in Sources */ = {isa = PBXBuildFile; fileRef = 49DEC41B18F1123100D892EC /* EditOrAddAlarmViewController.m */; };
		49DEC41E18F114C500D892EC /* alarmTableCell.xib in Resources */ = {isa = PBXBuildFile; fileRef = 49DEC41D18F114C500D892EC /* alarmTableCell.xib */; };
		49DEC42118F115B900D892EC /* AlarmCell.m in Sources */ = {isa = PBXBuildFile; fileRef = 49DEC42018F115B900D892EC /* AlarmCell.m */; };
		49DEC42718F1460800D892EC /* cameraViewController.m in Sources */ = {isa = PBXBuildFile; fileRef = 49DEC42618F1460800D892EC /* cameraViewController.m */; };
/* End PBXBuildFile section */

/* Begin PBXContainerItemProxy section */
		49343CBA18F0EC1C000B0D64 /* PBXContainerItemProxy */ = {
			isa = PBXContainerItemProxy;
			containerPortal = 49343C8918F0EC1C000B0D64 /* Project object */;
			proxyType = 1;
			remoteGlobalIDString = 49343C9018F0EC1C000B0D64;
			remoteInfo = thatsAlarming;
		};
/* End PBXContainerItemProxy section */

/* Begin PBXFileReference section */
		49343C9118F0EC1C000B0D64 /* thatsAlarming.app */ = {isa = PBXFileReference; explicitFileType = wrapper.application; includeInIndex = 0; path = thatsAlarming.app; sourceTree = BUILT_PRODUCTS_DIR; };
		49343C9418F0EC1C000B0D64 /* Foundation.framework */ = {isa = PBXFileReference; lastKnownFileType = wrapper.framework; name = Foundation.framework; path = System/Library/Frameworks/Foundation.framework; sourceTree = SDKROOT; };
		49343C9618F0EC1C000B0D64 /* CoreGraphics.framework */ = {isa = PBXFileReference; lastKnownFileType = wrapper.framework; name = CoreGraphics.framework; path = System/Library/Frameworks/CoreGraphics.framework; sourceTree = SDKROOT; };
		49343C9818F0EC1C000B0D64 /* UIKit.framework */ = {isa = PBXFileReference; lastKnownFileType = wrapper.framework; name = UIKit.framework; path = System/Library/Frameworks/UIKit.framework; sourceTree = SDKROOT; };
		49343C9C18F0EC1C000B0D64 /* thatsAlarming-Info.plist */ = {isa = PBXFileReference; lastKnownFileType = text.plist.xml; path = "thatsAlarming-Info.plist"; sourceTree = "<group>"; };
		49343C9E18F0EC1C000B0D64 /* en */ = {isa = PBXFileReference; lastKnownFileType = text.plist.strings; name = en; path = en.lproj/InfoPlist.strings; sourceTree = "<group>"; };
		49343CA018F0EC1C000B0D64 /* main.m */ = {isa = PBXFileReference; lastKnownFileType = sourcecode.c.objc; path = main.m; sourceTree = "<group>"; };
		49343CA218F0EC1C000B0D64 /* thatsAlarming-Prefix.pch */ = {isa = PBXFileReference; lastKnownFileType = sourcecode.c.h; path = "thatsAlarming-Prefix.pch"; sourceTree = "<group>"; };
		49343CA318F0EC1C000B0D64 /* thatsAlarmingAppDelegate.h */ = {isa = PBXFileReference; lastKnownFileType = sourcecode.c.h; path = thatsAlarmingAppDelegate.h; sourceTree = "<group>"; };
		49343CA418F0EC1C000B0D64 /* thatsAlarmingAppDelegate.m */ = {isa = PBXFileReference; lastKnownFileType = sourcecode.c.objc; path = thatsAlarmingAppDelegate.m; sourceTree = "<group>"; };
		49343CA718F0EC1C000B0D64 /* Base */ = {isa = PBXFileReference; lastKnownFileType = file.storyboard; name = Base; path = Base.lproj/Main.storyboard; sourceTree = "<group>"; };
		49343CA918F0EC1C000B0D64 /* thatsAlarmingAlarmsController.h */ = {isa = PBXFileReference; lastKnownFileType = sourcecode.c.h; path = thatsAlarmingAlarmsController.h; sourceTree = "<group>"; };
		49343CAA18F0EC1C000B0D64 /* thatsAlarmingAlarmsController.m */ = {isa = PBXFileReference; lastKnownFileType = sourcecode.c.objc; path = thatsAlarmingAlarmsController.m; sourceTree = "<group>"; };
		49343CAF18F0EC1C000B0D64 /* Images.xcassets */ = {isa = PBXFileReference; lastKnownFileType = folder.assetcatalog; path = Images.xcassets; sourceTree = "<group>"; };
		49343CB518F0EC1C000B0D64 /* thatsAlarmingTests.xctest */ = {isa = PBXFileReference; explicitFileType = wrapper.cfbundle; includeInIndex = 0; path = thatsAlarmingTests.xctest; sourceTree = BUILT_PRODUCTS_DIR; };
		49343CB618F0EC1C000B0D64 /* XCTest.framework */ = {isa = PBXFileReference; lastKnownFileType = wrapper.framework; name = XCTest.framework; path = Library/Frameworks/XCTest.framework; sourceTree = DEVELOPER_DIR; };
		49343CBE18F0EC1C000B0D64 /* thatsAlarmingTests-Info.plist */ = {isa = PBXFileReference; lastKnownFileType = text.plist.xml; path = "thatsAlarmingTests-Info.plist"; sourceTree = "<group>"; };
		49343CC018F0EC1C000B0D64 /* en */ = {isa = PBXFileReference; lastKnownFileType = text.plist.strings; name = en; path = en.lproj/InfoPlist.strings; sourceTree = "<group>"; };
		49343CC218F0EC1C000B0D64 /* thatsAlarmingTests.m */ = {isa = PBXFileReference; lastKnownFileType = sourcecode.c.objc; path = thatsAlarmingTests.m; sourceTree = "<group>"; };
		49DEC41A18F1123100D892EC /* EditOrAddAlarmViewController.h */ = {isa = PBXFileReference; fileEncoding = 4; lastKnownFileType = sourcecode.c.h; path = EditOrAddAlarmViewController.h; sourceTree = "<group>"; };
		49DEC41B18F1123100D892EC /* EditOrAddAlarmViewController.m */ = {isa = PBXFileReference; fileEncoding = 4; lastKnownFileType = sourcecode.c.objc; path = EditOrAddAlarmViewController.m; sourceTree = "<group>"; };
		49DEC41D18F114C500D892EC /* alarmTableCell.xib */ = {isa = PBXFileReference; fileEncoding = 4; lastKnownFileType = file.xib; path = alarmTableCell.xib; sourceTree = "<group>"; };
		49DEC41F18F115B900D892EC /* AlarmCell.h */ = {isa = PBXFileReference; fileEncoding = 4; lastKnownFileType = sourcecode.c.h; path = AlarmCell.h; sourceTree = "<group>"; };
		49DEC42018F115B900D892EC /* AlarmCell.m */ = {isa = PBXFileReference; fileEncoding = 4; lastKnownFileType = sourcecode.c.objc; path = AlarmCell.m; sourceTree = "<group>"; };
		49DEC42518F1460800D892EC /* cameraViewController.h */ = {isa = PBXFileReference; fileEncoding = 4; lastKnownFileType = sourcecode.c.h; path = cameraViewController.h; sourceTree = "<group>"; };
		49DEC42618F1460800D892EC /* cameraViewController.m */ = {isa = PBXFileReference; fileEncoding = 4; lastKnownFileType = sourcecode.c.objc; path = cameraViewController.m; sourceTree = "<group>"; };
/* End PBXFileReference section */

/* Begin PBXFrameworksBuildPhase section */
		49343C8E18F0EC1C000B0D64 /* Frameworks */ = {
			isa = PBXFrameworksBuildPhase;
			buildActionMask = 2147483647;
			files = (
				49343C9718F0EC1C000B0D64 /* CoreGraphics.framework in Frameworks */,
				49343C9918F0EC1C000B0D64 /* UIKit.framework in Frameworks */,
				49343C9518F0EC1C000B0D64 /* Foundation.framework in Frameworks */,
			);
			runOnlyForDeploymentPostprocessing = 0;
		};
		49343CB218F0EC1C000B0D64 /* Frameworks */ = {
			isa = PBXFrameworksBuildPhase;
			buildActionMask = 2147483647;
			files = (
				49343CB718F0EC1C000B0D64 /* XCTest.framework in Frameworks */,
				49343CB918F0EC1C000B0D64 /* UIKit.framework in Frameworks */,
				49343CB818F0EC1C000B0D64 /* Foundation.framework in Frameworks */,
			);
			runOnlyForDeploymentPostprocessing = 0;
		};
/* End PBXFrameworksBuildPhase section */

/* Begin PBXGroup section */
		49343C8818F0EC1C000B0D64 = {
			isa = PBXGroup;
			children = (
				49343C9A18F0EC1C000B0D64 /* thatsAlarming */,
				49343CBC18F0EC1C000B0D64 /* thatsAlarmingTests */,
				49343C9318F0EC1C000B0D64 /* Frameworks */,
				49343C9218F0EC1C000B0D64 /* Products */,
			);
			sourceTree = "<group>";
		};
		49343C9218F0EC1C000B0D64 /* Products */ = {
			isa = PBXGroup;
			children = (
				49343C9118F0EC1C000B0D64 /* thatsAlarming.app */,
				49343CB518F0EC1C000B0D64 /* thatsAlarmingTests.xctest */,
			);
			name = Products;
			sourceTree = "<group>";
		};
		49343C9318F0EC1C000B0D64 /* Frameworks */ = {
			isa = PBXGroup;
			children = (
				49343C9418F0EC1C000B0D64 /* Foundation.framework */,
				49343C9618F0EC1C000B0D64 /* CoreGraphics.framework */,
				49343C9818F0EC1C000B0D64 /* UIKit.framework */,
				49343CB618F0EC1C000B0D64 /* XCTest.framework */,
			);
			name = Frameworks;
			sourceTree = "<group>";
		};
		49343C9A18F0EC1C000B0D64 /* thatsAlarming */ = {
			isa = PBXGroup;
			children = (
				49DEC41F18F115B900D892EC /* AlarmCell.h */,
				49DEC42018F115B900D892EC /* AlarmCell.m */,
				49343CA318F0EC1C000B0D64 /* thatsAlarmingAppDelegate.h */,
				49343CA418F0EC1C000B0D64 /* thatsAlarmingAppDelegate.m */,
				49343CA618F0EC1C000B0D64 /* Main.storyboard */,
				49343CA918F0EC1C000B0D64 /* thatsAlarmingAlarmsController.h */,
				49343CAA18F0EC1C000B0D64 /* thatsAlarmingAlarmsController.m */,
				49343CAF18F0EC1C000B0D64 /* Images.xcassets */,
				49343C9B18F0EC1C000B0D64 /* Supporting Files */,
				49DEC41A18F1123100D892EC /* EditOrAddAlarmViewController.h */,
				49DEC41B18F1123100D892EC /* EditOrAddAlarmViewController.m */,
				49DEC41D18F114C500D892EC /* alarmTableCell.xib */,
				49DEC42518F1460800D892EC /* cameraViewController.h */,
				49DEC42618F1460800D892EC /* cameraViewController.m */,
			);
			path = thatsAlarming;
			sourceTree = "<group>";
		};
		49343C9B18F0EC1C000B0D64 /* Supporting Files */ = {
			isa = PBXGroup;
			children = (
				49343C9C18F0EC1C000B0D64 /* thatsAlarming-Info.plist */,
				49343C9D18F0EC1C000B0D64 /* InfoPlist.strings */,
				49343CA018F0EC1C000B0D64 /* main.m */,
				49343CA218F0EC1C000B0D64 /* thatsAlarming-Prefix.pch */,
			);
			name = "Supporting Files";
			sourceTree = "<group>";
		};
		49343CBC18F0EC1C000B0D64 /* thatsAlarmingTests */ = {
			isa = PBXGroup;
			children = (
				49343CC218F0EC1C000B0D64 /* thatsAlarmingTests.m */,
				49343CBD18F0EC1C000B0D64 /* Supporting Files */,
			);
			path = thatsAlarmingTests;
			sourceTree = "<group>";
		};
		49343CBD18F0EC1C000B0D64 /* Supporting Files */ = {
			isa = PBXGroup;
			children = (
				49343CBE18F0EC1C000B0D64 /* thatsAlarmingTests-Info.plist */,
				49343CBF18F0EC1C000B0D64 /* InfoPlist.strings */,
			);
			name = "Supporting Files";
			sourceTree = "<group>";
		};
/* End PBXGroup section */

/* Begin PBXNativeTarget section */
		49343C9018F0EC1C000B0D64 /* thatsAlarming */ = {
			isa = PBXNativeTarget;
			buildConfigurationList = 49343CC618F0EC1C000B0D64 /* Build configuration list for PBXNativeTarget "thatsAlarming" */;
			buildPhases = (
				49343C8D18F0EC1C000B0D64 /* Sources */,
				49343C8E18F0EC1C000B0D64 /* Frameworks */,
				49343C8F18F0EC1C000B0D64 /* Resources */,
			);
			buildRules = (
			);
			dependencies = (
			);
			name = thatsAlarming;
			productName = thatsAlarming;
			productReference = 49343C9118F0EC1C000B0D64 /* thatsAlarming.app */;
			productType = "com.apple.product-type.application";
		};
		49343CB418F0EC1C000B0D64 /* thatsAlarmingTests */ = {
			isa = PBXNativeTarget;
			buildConfigurationList = 49343CC918F0EC1C000B0D64 /* Build configuration list for PBXNativeTarget "thatsAlarmingTests" */;
			buildPhases = (
				49343CB118F0EC1C000B0D64 /* Sources */,
				49343CB218F0EC1C000B0D64 /* Frameworks */,
				49343CB318F0EC1C000B0D64 /* Resources */,
			);
			buildRules = (
			);
			dependencies = (
				49343CBB18F0EC1C000B0D64 /* PBXTargetDependency */,
			);
			name = thatsAlarmingTests;
			productName = thatsAlarmingTests;
			productReference = 49343CB518F0EC1C000B0D64 /* thatsAlarmingTests.xctest */;
			productType = "com.apple.product-type.bundle.unit-test";
		};
/* End PBXNativeTarget section */

/* Begin PBXProject section */
		49343C8918F0EC1C000B0D64 /* Project object */ = {
			isa = PBXProject;
			attributes = {
				CLASSPREFIX = thatsAlarming;
				LastUpgradeCheck = 0500;
				ORGANIZATIONNAME = "Derrick Cheng";
				TargetAttributes = {
					49343C9018F0EC1C000B0D64 = {
						DevelopmentTeam = E6XW7AE35C;
					};
					49343CB418F0EC1C000B0D64 = {
						TestTargetID = 49343C9018F0EC1C000B0D64;
					};
				};
			};
			buildConfigurationList = 49343C8C18F0EC1C000B0D64 /* Build configuration list for PBXProject "thatsAlarming" */;
			compatibilityVersion = "Xcode 3.2";
			developmentRegion = English;
			hasScannedForEncodings = 0;
			knownRegions = (
				en,
				Base,
			);
			mainGroup = 49343C8818F0EC1C000B0D64;
			productRefGroup = 49343C9218F0EC1C000B0D64 /* Products */;
			projectDirPath = "";
			projectRoot = "";
			targets = (
				49343C9018F0EC1C000B0D64 /* thatsAlarming */,
				49343CB418F0EC1C000B0D64 /* thatsAlarmingTests */,
			);
		};
/* End PBXProject section */

/* Begin PBXResourcesBuildPhase section */
		49343C8F18F0EC1C000B0D64 /* Resources */ = {
			isa = PBXResourcesBuildPhase;
			buildActionMask = 2147483647;
			files = (
				49DEC41E18F114C500D892EC /* alarmTableCell.xib in Resources */,
				49343CB018F0EC1C000B0D64 /* Images.xcassets in Resources */,
				49343C9F18F0EC1C000B0D64 /* InfoPlist.strings in Resources */,
				49343CA818F0EC1C000B0D64 /* Main.storyboard in Resources */,
			);
			runOnlyForDeploymentPostprocessing = 0;
		};
		49343CB318F0EC1C000B0D64 /* Resources */ = {
			isa = PBXResourcesBuildPhase;
			buildActionMask = 2147483647;
			files = (
				49343CC118F0EC1C000B0D64 /* InfoPlist.strings in Resources */,
			);
			runOnlyForDeploymentPostprocessing = 0;
		};
/* End PBXResourcesBuildPhase section */

/* Begin PBXSourcesBuildPhase section */
		49343C8D18F0EC1C000B0D64 /* Sources */ = {
			isa = PBXSourcesBuildPhase;
			buildActionMask = 2147483647;
			files = (
				49DEC42718F1460800D892EC /* cameraViewController.m in Sources */,
				49343CA518F0EC1C000B0D64 /* thatsAlarmingAppDelegate.m in Sources */,
				49343CAB18F0EC1C000B0D64 /* thatsAlarmingAlarmsController.m in Sources */,
				49343CA118F0EC1C000B0D64 /* main.m in Sources */,
				49DEC41C18F1123100D892EC /* EditOrAddAlarmViewController.m in Sources */,
				49DEC42118F115B900D892EC /* AlarmCell.m in Sources */,
			);
			runOnlyForDeploymentPostprocessing = 0;
		};
		49343CB118F0EC1C000B0D64 /* Sources */ = {
			isa = PBXSourcesBuildPhase;
			buildActionMask = 2147483647;
			files = (
				49343CC318F0EC1C000B0D64 /* thatsAlarmingTests.m in Sources */,
			);
			runOnlyForDeploymentPostprocessing = 0;
		};
/* End PBXSourcesBuildPhase section */

/* Begin PBXTargetDependency section */
		49343CBB18F0EC1C000B0D64 /* PBXTargetDependency */ = {
			isa = PBXTargetDependency;
			target = 49343C9018F0EC1C000B0D64 /* thatsAlarming */;
			targetProxy = 49343CBA18F0EC1C000B0D64 /* PBXContainerItemProxy */;
		};
/* End PBXTargetDependency section */

/* Begin PBXVariantGroup section */
		49343C9D18F0EC1C000B0D64 /* InfoPlist.strings */ = {
			isa = PBXVariantGroup;
			children = (
				49343C9E18F0EC1C000B0D64 /* en */,
			);
			name = InfoPlist.strings;
			sourceTree = "<group>";
		};
		49343CA618F0EC1C000B0D64 /* Main.storyboard */ = {
			isa = PBXVariantGroup;
			children = (
				49343CA718F0EC1C000B0D64 /* Base */,
			);
			name = Main.storyboard;
			sourceTree = "<group>";
		};
		49343CBF18F0EC1C000B0D64 /* InfoPlist.strings */ = {
			isa = PBXVariantGroup;
			children = (
				49343CC018F0EC1C000B0D64 /* en */,
			);
			name = InfoPlist.strings;
			sourceTree = "<group>";
		};
/* End PBXVariantGroup section */

/* Begin XCBuildConfiguration section */
		49343CC418F0EC1C000B0D64 /* Debug */ = {
			isa = XCBuildConfiguration;
			buildSettings = {
				ALWAYS_SEARCH_USER_PATHS = NO;
				ARCHS = "$(ARCHS_STANDARD_INCLUDING_64_BIT)";
				CLANG_CXX_LANGUAGE_STANDARD = "gnu++0x";
				CLANG_CXX_LIBRARY = "libc++";
				CLANG_ENABLE_MODULES = YES;
				CLANG_ENABLE_OBJC_ARC = YES;
				CLANG_WARN_BOOL_CONVERSION = YES;
				CLANG_WARN_CONSTANT_CONVERSION = YES;
				CLANG_WARN_DIRECT_OBJC_ISA_USAGE = YES_ERROR;
				CLANG_WARN_EMPTY_BODY = YES;
				CLANG_WARN_ENUM_CONVERSION = YES;
				CLANG_WARN_INT_CONVERSION = YES;
				CLANG_WARN_OBJC_ROOT_CLASS = YES_ERROR;
				CLANG_WARN__DUPLICATE_METHOD_MATCH = YES;
				"CODE_SIGN_IDENTITY[sdk=iphoneos*]" = "iPhone Developer";
				COPY_PHASE_STRIP = NO;
				GCC_C_LANGUAGE_STANDARD = gnu99;
				GCC_DYNAMIC_NO_PIC = NO;
				GCC_OPTIMIZATION_LEVEL = 0;
				GCC_PREPROCESSOR_DEFINITIONS = (
					"DEBUG=1",
					"$(inherited)",
				);
				GCC_SYMBOLS_PRIVATE_EXTERN = NO;
				GCC_WARN_64_TO_32_BIT_CONVERSION = YES;
				GCC_WARN_ABOUT_RETURN_TYPE = YES_ERROR;
				GCC_WARN_UNDECLARED_SELECTOR = YES;
				GCC_WARN_UNINITIALIZED_AUTOS = YES;
				GCC_WARN_UNUSED_FUNCTION = YES;
				GCC_WARN_UNUSED_VARIABLE = YES;
				IPHONEOS_DEPLOYMENT_TARGET = 7.0;
				ONLY_ACTIVE_ARCH = YES;
				SDKROOT = iphoneos;
			};
			name = Debug;
		};
		49343CC518F0EC1C000B0D64 /* Release */ = {
			isa = XCBuildConfiguration;
			buildSettings = {
				ALWAYS_SEARCH_USER_PATHS = NO;
				ARCHS = "$(ARCHS_STANDARD_INCLUDING_64_BIT)";
				CLANG_CXX_LANGUAGE_STANDARD = "gnu++0x";
				CLANG_CXX_LIBRARY = "libc++";
				CLANG_ENABLE_MODULES = YES;
				CLANG_ENABLE_OBJC_ARC = YES;
				CLANG_WARN_BOOL_CONVERSION = YES;
				CLANG_WARN_CONSTANT_CONVERSION = YES;
				CLANG_WARN_DIRECT_OBJC_ISA_USAGE = YES_ERROR;
				CLANG_WARN_EMPTY_BODY = YES;
				CLANG_WARN_ENUM_CONVERSION = YES;
				CLANG_WARN_INT_CONVERSION = YES;
				CLANG_WARN_OBJC_ROOT_CLASS = YES_ERROR;
				CLANG_WARN__DUPLICATE_METHOD_MATCH = YES;
				"CODE_SIGN_IDENTITY[sdk=iphoneos*]" = "iPhone Developer";
				COPY_PHASE_STRIP = YES;
				ENABLE_NS_ASSERTIONS = NO;
				GCC_C_LANGUAGE_STANDARD = gnu99;
				GCC_WARN_64_TO_32_BIT_CONVERSION = YES;
				GCC_WARN_ABOUT_RETURN_TYPE = YES_ERROR;
				GCC_WARN_UNDECLARED_SELECTOR = YES;
				GCC_WARN_UNINITIALIZED_AUTOS = YES;
				GCC_WARN_UNUSED_FUNCTION = YES;
				GCC_WARN_UNUSED_VARIABLE = YES;
				IPHONEOS_DEPLOYMENT_TARGET = 7.0;
				SDKROOT = iphoneos;
				VALIDATE_PRODUCT = YES;
			};
			name = Release;
		};
		49343CC718F0EC1C000B0D64 /* Debug */ = {
			isa = XCBuildConfiguration;
			buildSettings = {
				ASSETCATALOG_COMPILER_APPICON_NAME = AppIcon;
				ASSETCATALOG_COMPILER_LAUNCHIMAGE_NAME = LaunchImage;
				CODE_SIGN_IDENTITY = "iPhone Developer";
				"CODE_SIGN_IDENTITY[sdk=iphoneos*]" = "iPhone Developer";
				GCC_PRECOMPILE_PREFIX_HEADER = YES;
				GCC_PREFIX_HEADER = "thatsAlarming/thatsAlarming-Prefix.pch";
				INFOPLIST_FILE = "thatsAlarming/thatsAlarming-Info.plist";
				PRODUCT_NAME = "$(TARGET_NAME)";
				PROVISIONING_PROFILE = "";
				WRAPPER_EXTENSION = app;
			};
			name = Debug;
		};
		49343CC818F0EC1C000B0D64 /* Release */ = {
			isa = XCBuildConfiguration;
			buildSettings = {
				ASSETCATALOG_COMPILER_APPICON_NAME = AppIcon;
				ASSETCATALOG_COMPILER_LAUNCHIMAGE_NAME = LaunchImage;
				CODE_SIGN_IDENTITY = "iPhone Developer";
				"CODE_SIGN_IDENTITY[sdk=iphoneos*]" = "iPhone Developer";
				GCC_PRECOMPILE_PREFIX_HEADER = YES;
				GCC_PREFIX_HEADER = "thatsAlarming/thatsAlarming-Prefix.pch";
				INFOPLIST_FILE = "thatsAlarming/thatsAlarming-Info.plist";
				PRODUCT_NAME = "$(TARGET_NAME)";
				PROVISIONING_PROFILE = "";
				WRAPPER_EXTENSION = app;
			};
			name = Release;
		};
		49343CCA18F0EC1C000B0D64 /* Debug */ = {
			isa = XCBuildConfiguration;
			buildSettings = {
				ARCHS = "$(ARCHS_STANDARD_INCLUDING_64_BIT)";
				BUNDLE_LOADER = "$(BUILT_PRODUCTS_DIR)/thatsAlarming.app/thatsAlarming";
				FRAMEWORK_SEARCH_PATHS = (
					"$(SDKROOT)/Developer/Library/Frameworks",
					"$(inherited)",
					"$(DEVELOPER_FRAMEWORKS_DIR)",
				);
				GCC_PRECOMPILE_PREFIX_HEADER = YES;
				GCC_PREFIX_HEADER = "thatsAlarming/thatsAlarming-Prefix.pch";
				GCC_PREPROCESSOR_DEFINITIONS = (
					"DEBUG=1",
					"$(inherited)",
				);
				INFOPLIST_FILE = "thatsAlarmingTests/thatsAlarmingTests-Info.plist";
				PRODUCT_NAME = "$(TARGET_NAME)";
				TEST_HOST = "$(BUNDLE_LOADER)";
				WRAPPER_EXTENSION = xctest;
			};
			name = Debug;
		};
		49343CCB18F0EC1C000B0D64 /* Release */ = {
			isa = XCBuildConfiguration;
			buildSettings = {
				ARCHS = "$(ARCHS_STANDARD_INCLUDING_64_BIT)";
				BUNDLE_LOADER = "$(BUILT_PRODUCTS_DIR)/thatsAlarming.app/thatsAlarming";
				FRAMEWORK_SEARCH_PATHS = (
					"$(SDKROOT)/Developer/Library/Frameworks",
					"$(inherited)",
					"$(DEVELOPER_FRAMEWORKS_DIR)",
				);
				GCC_PRECOMPILE_PREFIX_HEADER = YES;
				GCC_PREFIX_HEADER = "thatsAlarming/thatsAlarming-Prefix.pch";
				INFOPLIST_FILE = "thatsAlarmingTests/thatsAlarmingTests-Info.plist";
				PRODUCT_NAME = "$(TARGET_NAME)";
				TEST_HOST = "$(BUNDLE_LOADER)";
				WRAPPER_EXTENSION = xctest;
			};
			name = Release;
		};
/* End XCBuildConfiguration section */

/* Begin XCConfigurationList section */
		49343C8C18F0EC1C000B0D64 /* Build configuration list for PBXProject "thatsAlarming" */ = {
			isa = XCConfigurationList;
			buildConfigurations = (
				49343CC418F0EC1C000B0D64 /* Debug */,
				49343CC518F0EC1C000B0D64 /* Release */,
			);
			defaultConfigurationIsVisible = 0;
			defaultConfigurationName = Release;
		};
		49343CC618F0EC1C000B0D64 /* Build configuration list for PBXNativeTarget "thatsAlarming" */ = {
			isa = XCConfigurationList;
			buildConfigurations = (
				49343CC718F0EC1C000B0D64 /* Debug */,
				49343CC818F0EC1C000B0D64 /* Release */,
			);
			defaultConfigurationIsVisible = 0;
			defaultConfigurationName = Release;
		};
		49343CC918F0EC1C000B0D64 /* Build configuration list for PBXNativeTarget "thatsAlarmingTests" */ = {
			isa = XCConfigurationList;
			buildConfigurations = (
				49343CCA18F0EC1C000B0D64 /* Debug */,
				49343CCB18F0EC1C000B0D64 /* Release */,
			);
			defaultConfigurationIsVisible = 0;
			defaultConfigurationName = Release;
		};
/* End XCConfigurationList section */
	};
	rootObject = 49343C8918F0EC1C000B0D64 /* Project object */;
}
